
Microsoft Visual Studio Solution File, Format Version 12.00
# Visual Studio 15
VisualStudioVersion = 15.0.27130.2024
MinimumVisualStudioVersion = 10.0.40219.1
Project("{9A19103F-16F7-4668-BE54-9A1E7A4F7556}") = "lab3", "lab3\lab3.csproj", "{A4DD57F9-7953-45AF-BF9E-C85AAB0BB3FB}"
EndProject
Project("{9A19103F-16F7-4668-BE54-9A1E7A4F7556}") = "DALlab3", "DALlab3\DALlab3.csproj", "{9556EAE5-5123-44D3-BC99-6B43C6952149}"
EndProject
Project("{FAE04EC0-301F-11D3-BF4B-00C04F79EFBC}") = "Lab3G", "Lab3G\Lab3G.csproj", "{9A8322F0-0C0A-404C-86BA-7C119E3F81FA}"
EndProject
Global
	GlobalSection(SolutionConfigurationPlatforms) = preSolution
		Debug|Any CPU = Debug|Any CPU
		Release|Any CPU = Release|Any CPU
	EndGlobalSection
	GlobalSection(ProjectConfigurationPlatforms) = postSolution
		{A4DD57F9-7953-45AF-BF9E-C85AAB0BB3FB}.Debug|Any CPU.ActiveCfg = Debug|Any CPU
		{A4DD57F9-7953-45AF-BF9E-C85AAB0BB3FB}.Debug|Any CPU.Build.0 = Debug|Any CPU
		{A4DD57F9-7953-45AF-BF9E-C85AAB0BB3FB}.Release|Any CPU.ActiveCfg = Release|Any CPU
		{A4DD57F9-7953-45AF-BF9E-C85AAB0BB3FB}.Release|Any CPU.Build.0 = Release|Any CPU
		{9556EAE5-5123-44D3-BC99-6B43C6952149}.Debug|Any CPU.ActiveCfg = Debug|Any CPU
		{9556EAE5-5123-44D3-BC99-6B43C6952149}.Debug|Any CPU.Build.0 = Debug|Any CPU
		{9556EAE5-5123-44D3-BC99-6B43C6952149}.Release|Any CPU.ActiveCfg = Release|Any CPU
		{9556EAE5-5123-44D3-BC99-6B43C6952149}.Release|Any CPU.Build.0 = Release|Any CPU
		{9A8322F0-0C0A-404C-86BA-7C119E3F81FA}.Debug|Any CPU.ActiveCfg = Debug|Any CPU
		{9A8322F0-0C0A-404C-86BA-7C119E3F81FA}.Debug|Any CPU.Build.0 = Debug|Any CPU
		{9A8322F0-0C0A-404C-86BA-7C119E3F81FA}.Release|Any CPU.ActiveCfg = Release|Any CPU
		{9A8322F0-0C0A-404C-86BA-7C119E3F81FA}.Release|Any CPU.Build.0 = Release|Any CPU
	EndGlobalSection
	GlobalSection(SolutionProperties) = preSolution
		HideSolutionNode = FALSE
	EndGlobalSection
	GlobalSection(ExtensibilityGlobals) = postSolution
		SolutionGuid = {C0FEB3B5-BCB2-4EFF-993D-1E7C82097014}
	EndGlobalSection
EndGlobal
